
Microsoft Visual Studio Solution File, Format Version 12.00
# Visual Studio Version 17
VisualStudioVersion = 17.9.34728.123
MinimumVisualStudioVersion = 10.0.40219.1
Project("{FAE04EC0-301F-11D3-BF4B-00C04F79EFBC}") = "COMP003B.Assignment5", "COMP003B.Assignment5\COMP003B.Assignment5.csproj", "{281A3913-BB7A-4C54-8A03-B0D6CD00AFFC}"
EndProject
Global
	GlobalSection(SolutionConfigurationPlatforms) = preSolution
		Debug|Any CPU = Debug|Any CPU
		Release|Any CPU = Release|Any CPU
	EndGlobalSection
	GlobalSection(ProjectConfigurationPlatforms) = postSolution
		{281A3913-BB7A-4C54-8A03-B0D6CD00AFFC}.Debug|Any CPU.ActiveCfg = Debug|Any CPU
		{281A3913-BB7A-4C54-8A03-B0D6CD00AFFC}.Debug|Any CPU.Build.0 = Debug|Any CPU
		{281A3913-BB7A-4C54-8A03-B0D6CD00AFFC}.Release|Any CPU.ActiveCfg = Release|Any CPU
		{281A3913-BB7A-4C54-8A03-B0D6CD00AFFC}.Release|Any CPU.Build.0 = Release|Any CPU
	EndGlobalSection
	GlobalSection(SolutionProperties) = preSolution
		HideSolutionNode = FALSE
	EndGlobalSection
	GlobalSection(ExtensibilityGlobals) = postSolution
		SolutionGuid = {3C15E34E-B615-4EF0-A781-9C6211A8503A}
	EndGlobalSection
EndGlobal
